
Microsoft Visual Studio Solution File, Format Version 12.00
# Visual Studio Version 16
VisualStudioVersion = 16.0.30011.22
MinimumVisualStudioVersion = 10.0.40219.1
Project("{FAE04EC0-301F-11D3-BF4B-00C04F79EFBC}") = "ch.gibz.m151.demo.api", "ch.gibz.m151.demo.api\ch.gibz.m151.demo.api.csproj", "{8C80FF0F-3E47-4C49-B2F7-5CFD7AA5F525}"
EndProject
Project("{FAE04EC0-301F-11D3-BF4B-00C04F79EFBC}") = "ch.gibz.m151.demo.data", "ch.gibz.m151.demo.data\ch.gibz.m151.demo.data.csproj", "{78722EB9-C314-41A2-B4E4-C1F78EBC0CED}"
EndProject
Global
	GlobalSection(SolutionConfigurationPlatforms) = preSolution
		Debug|Any CPU = Debug|Any CPU
		Release|Any CPU = Release|Any CPU
	EndGlobalSection
	GlobalSection(ProjectConfigurationPlatforms) = postSolution
		{8C80FF0F-3E47-4C49-B2F7-5CFD7AA5F525}.Debug|Any CPU.ActiveCfg = Debug|Any CPU
		{8C80FF0F-3E47-4C49-B2F7-5CFD7AA5F525}.Debug|Any CPU.Build.0 = Debug|Any CPU
		{8C80FF0F-3E47-4C49-B2F7-5CFD7AA5F525}.Release|Any CPU.ActiveCfg = Release|Any CPU
		{8C80FF0F-3E47-4C49-B2F7-5CFD7AA5F525}.Release|Any CPU.Build.0 = Release|Any CPU
		{78722EB9-C314-41A2-B4E4-C1F78EBC0CED}.Debug|Any CPU.ActiveCfg = Debug|Any CPU
		{78722EB9-C314-41A2-B4E4-C1F78EBC0CED}.Debug|Any CPU.Build.0 = Debug|Any CPU
		{78722EB9-C314-41A2-B4E4-C1F78EBC0CED}.Release|Any CPU.ActiveCfg = Release|Any CPU
		{78722EB9-C314-41A2-B4E4-C1F78EBC0CED}.Release|Any CPU.Build.0 = Release|Any CPU
	EndGlobalSection
	GlobalSection(SolutionProperties) = preSolution
		HideSolutionNode = FALSE
	EndGlobalSection
	GlobalSection(ExtensibilityGlobals) = postSolution
		SolutionGuid = {5B5D35FB-F9EF-415D-9368-398BF77B37B2}
	EndGlobalSection
EndGlobal
